
Microsoft Visual Studio Solution File, Format Version 12.00
# Visual Studio 15
VisualStudioVersion = 15.0.27703.2026
MinimumVisualStudioVersion = 10.0.40219.1
Project("{FAE04EC0-301F-11D3-BF4B-00C04F79EFBC}") = "WebApp", "WebApp\WebApp.csproj", "{B72D7F71-D8B7-4037-8871-092BA618A5C0}"
EndProject
Project("{FAE04EC0-301F-11D3-BF4B-00C04F79EFBC}") = "StarTED.Data", "StarTED.Data\StarTED.Data.csproj", "{1C5DD30B-D40E-40CE-AA6D-D166E541336D}"
EndProject
Project("{FAE04EC0-301F-11D3-BF4B-00C04F79EFBC}") = "StarTEDSystem", "StarTEDSystem\StarTEDSystem.csproj", "{3BDB3BC5-86CF-4C66-96B6-393566EACC4E}"
EndProject
Global
	GlobalSection(SolutionConfigurationPlatforms) = preSolution
		Debug|Any CPU = Debug|Any CPU
		Release|Any CPU = Release|Any CPU
	EndGlobalSection
	GlobalSection(ProjectConfigurationPlatforms) = postSolution
		{B72D7F71-D8B7-4037-8871-092BA618A5C0}.Debug|Any CPU.ActiveCfg = Debug|Any CPU
		{B72D7F71-D8B7-4037-8871-092BA618A5C0}.Debug|Any CPU.Build.0 = Debug|Any CPU
		{B72D7F71-D8B7-4037-8871-092BA618A5C0}.Release|Any CPU.ActiveCfg = Release|Any CPU
		{B72D7F71-D8B7-4037-8871-092BA618A5C0}.Release|Any CPU.Build.0 = Release|Any CPU
		{1C5DD30B-D40E-40CE-AA6D-D166E541336D}.Debug|Any CPU.ActiveCfg = Debug|Any CPU
		{1C5DD30B-D40E-40CE-AA6D-D166E541336D}.Debug|Any CPU.Build.0 = Debug|Any CPU
		{1C5DD30B-D40E-40CE-AA6D-D166E541336D}.Release|Any CPU.ActiveCfg = Release|Any CPU
		{1C5DD30B-D40E-40CE-AA6D-D166E541336D}.Release|Any CPU.Build.0 = Release|Any CPU
		{3BDB3BC5-86CF-4C66-96B6-393566EACC4E}.Debug|Any CPU.ActiveCfg = Debug|Any CPU
		{3BDB3BC5-86CF-4C66-96B6-393566EACC4E}.Debug|Any CPU.Build.0 = Debug|Any CPU
		{3BDB3BC5-86CF-4C66-96B6-393566EACC4E}.Release|Any CPU.ActiveCfg = Release|Any CPU
		{3BDB3BC5-86CF-4C66-96B6-393566EACC4E}.Release|Any CPU.Build.0 = Release|Any CPU
	EndGlobalSection
	GlobalSection(SolutionProperties) = preSolution
		HideSolutionNode = FALSE
	EndGlobalSection
	GlobalSection(ExtensibilityGlobals) = postSolution
		SolutionGuid = {1E0CDB14-3731-4CBE-A6F1-867DFFB08BEA}
	EndGlobalSection
EndGlobal
